
Microsoft Visual Studio Solution File, Format Version 12.00
# Visual Studio Version 16
VisualStudioVersion = 25.0.1704.0
MinimumVisualStudioVersion = 10.0.40219.1
Project("{FAE04EC0-301F-11D3-BF4B-00C04F79EFBC}") = "ConsensusChessEngine", "ConsensusChessEngine\ConsensusChessEngine.csproj", "{4CD85E8D-8F39-4E1E-A65C-2CD70500F7A5}"
EndProject
Project("{2150E333-8FDC-42A3-9474-1A3956D46DE8}") = "Solution Items", "Solution Items", "{557D0D38-D9F7-44ED-9D12-E9255F13888A}"
	ProjectSection(SolutionItems) = preProject
		README.md = README.md
		integration-tests.sh = integration-tests.sh
		compose.int.yaml = compose.int.yaml
		compose.prod.yaml = compose.prod.yaml
		compose.yaml = compose.yaml
		.editorconfig = .editorconfig
		stop.sh = stop.sh
		run.sh = run.sh
		erase.sh = erase.sh
		start-db.sh = start-db.sh
	EndProjectSection
EndProject
Project("{FAE04EC0-301F-11D3-BF4B-00C04F79EFBC}") = "ConsensusChessNode", "ConsensusChessNode\ConsensusChessNode.csproj", "{630D8F9B-EE53-42AB-97B6-AD64F85F3425}"
EndProject
Project("{FAE04EC0-301F-11D3-BF4B-00C04F79EFBC}") = "ConsensusChessShared", "ConsensusChessShared\ConsensusChessShared.csproj", "{15B1A7B0-EA0F-4BED-AD2C-13C24739202E}"
EndProject
Project("{2150E333-8FDC-42A3-9474-1A3956D46DE8}") = "environments", "environments", "{19B49F4A-EE4B-4D1B-BA53-5E033E771F52}"
	ProjectSection(SolutionItems) = preProject
		environments\prod-database.env = environments\prod-database.env
		environments\prod-engine.env = environments\prod-engine.env
		environments\int-integration-tester.env = environments\int-integration-tester.env
		environments\int-engine.env = environments\int-engine.env
		environments\int-database.env = environments\int-database.env
		environments\prod-node-001-gamedev.env = environments\prod-node-001-gamedev.env
		environments\int-node-0-test.env = environments\int-node-0-test.env
	EndProjectSection
EndProject
Project("{FAE04EC0-301F-11D3-BF4B-00C04F79EFBC}") = "ConsensusChessSharedTests", "ConsensusChessSharedTests\ConsensusChessSharedTests.csproj", "{0794AE53-29E5-48BC-9B18-5ED192C3C98A}"
EndProject
Project("{2150E333-8FDC-42A3-9474-1A3956D46DE8}") = "docs", "docs", "{03CBC0A7-8DC6-4F37-AC17-C7A295295820}"
	ProjectSection(SolutionItems) = preProject
		docs\commands.md = docs\commands.md
		docs\database.md = docs\database.md
		docs\config.md = docs\config.md
		docs\architecture.md = docs\architecture.md
		docs\accounts.md = docs\accounts.md
		docs\testing.md = docs\testing.md
		docs\dependencies.md = docs\dependencies.md
	EndProjectSection
EndProject
Project("{FAE04EC0-301F-11D3-BF4B-00C04F79EFBC}") = "ConsensusChessIntegrationTests", "ConsensusChessIntegrationTests\ConsensusChessIntegrationTests.csproj", "{9D6C353B-7BAC-48B5-8640-6F46E97BE955}"
EndProject
Global
	GlobalSection(SolutionConfigurationPlatforms) = preSolution
		Debug|Any CPU = Debug|Any CPU
		Release|Any CPU = Release|Any CPU
	EndGlobalSection
	GlobalSection(ProjectConfigurationPlatforms) = postSolution
		{4CD85E8D-8F39-4E1E-A65C-2CD70500F7A5}.Debug|Any CPU.ActiveCfg = Debug|Any CPU
		{4CD85E8D-8F39-4E1E-A65C-2CD70500F7A5}.Debug|Any CPU.Build.0 = Debug|Any CPU
		{4CD85E8D-8F39-4E1E-A65C-2CD70500F7A5}.Release|Any CPU.ActiveCfg = Release|Any CPU
		{4CD85E8D-8F39-4E1E-A65C-2CD70500F7A5}.Release|Any CPU.Build.0 = Release|Any CPU
		{630D8F9B-EE53-42AB-97B6-AD64F85F3425}.Debug|Any CPU.ActiveCfg = Debug|Any CPU
		{630D8F9B-EE53-42AB-97B6-AD64F85F3425}.Debug|Any CPU.Build.0 = Debug|Any CPU
		{630D8F9B-EE53-42AB-97B6-AD64F85F3425}.Release|Any CPU.ActiveCfg = Release|Any CPU
		{630D8F9B-EE53-42AB-97B6-AD64F85F3425}.Release|Any CPU.Build.0 = Release|Any CPU
		{15B1A7B0-EA0F-4BED-AD2C-13C24739202E}.Debug|Any CPU.ActiveCfg = Debug|Any CPU
		{15B1A7B0-EA0F-4BED-AD2C-13C24739202E}.Debug|Any CPU.Build.0 = Debug|Any CPU
		{15B1A7B0-EA0F-4BED-AD2C-13C24739202E}.Release|Any CPU.ActiveCfg = Release|Any CPU
		{15B1A7B0-EA0F-4BED-AD2C-13C24739202E}.Release|Any CPU.Build.0 = Release|Any CPU
		{0794AE53-29E5-48BC-9B18-5ED192C3C98A}.Debug|Any CPU.ActiveCfg = Debug|Any CPU
		{0794AE53-29E5-48BC-9B18-5ED192C3C98A}.Debug|Any CPU.Build.0 = Debug|Any CPU
		{0794AE53-29E5-48BC-9B18-5ED192C3C98A}.Release|Any CPU.ActiveCfg = Release|Any CPU
		{0794AE53-29E5-48BC-9B18-5ED192C3C98A}.Release|Any CPU.Build.0 = Release|Any CPU
		{9D6C353B-7BAC-48B5-8640-6F46E97BE955}.Debug|Any CPU.ActiveCfg = Debug|Any CPU
		{9D6C353B-7BAC-48B5-8640-6F46E97BE955}.Debug|Any CPU.Build.0 = Debug|Any CPU
		{9D6C353B-7BAC-48B5-8640-6F46E97BE955}.Release|Any CPU.ActiveCfg = Release|Any CPU
		{9D6C353B-7BAC-48B5-8640-6F46E97BE955}.Release|Any CPU.Build.0 = Release|Any CPU
	EndGlobalSection
	GlobalSection(SolutionProperties) = preSolution
		HideSolutionNode = FALSE
	EndGlobalSection
	GlobalSection(ExtensibilityGlobals) = postSolution
		SolutionGuid = {B544C942-745D-4B93-B771-0B35F375EAEC}
	EndGlobalSection
	GlobalSection(NestedProjects) = preSolution
		{19B49F4A-EE4B-4D1B-BA53-5E033E771F52} = {557D0D38-D9F7-44ED-9D12-E9255F13888A}
		{03CBC0A7-8DC6-4F37-AC17-C7A295295820} = {557D0D38-D9F7-44ED-9D12-E9255F13888A}
	EndGlobalSection
EndGlobal
